
Microsoft Visual Studio Solution File, Format Version 12.00
# Visual Studio Version 16
VisualStudioVersion = 16.0.30907.101
MinimumVisualStudioVersion = 10.0.40219.1
Project("{FAE04EC0-301F-11D3-BF4B-00C04F79EFBC}") = "CaixaEletronico.Aplicacao", "CaixaEletronico.Aplicacao\CaixaEletronico.Aplicacao.csproj", "{9EE14E8D-7E86-4564-86B5-082F7C168867}"
EndProject
Global
	GlobalSection(SolutionConfigurationPlatforms) = preSolution
		Debug|Any CPU = Debug|Any CPU
		Release|Any CPU = Release|Any CPU
	EndGlobalSection
	GlobalSection(ProjectConfigurationPlatforms) = postSolution
		{9EE14E8D-7E86-4564-86B5-082F7C168867}.Debug|Any CPU.ActiveCfg = Debug|Any CPU
		{9EE14E8D-7E86-4564-86B5-082F7C168867}.Debug|Any CPU.Build.0 = Debug|Any CPU
		{9EE14E8D-7E86-4564-86B5-082F7C168867}.Release|Any CPU.ActiveCfg = Release|Any CPU
		{9EE14E8D-7E86-4564-86B5-082F7C168867}.Release|Any CPU.Build.0 = Release|Any CPU
	EndGlobalSection
	GlobalSection(SolutionProperties) = preSolution
		HideSolutionNode = FALSE
	EndGlobalSection
	GlobalSection(ExtensibilityGlobals) = postSolution
		SolutionGuid = {70728F90-4A07-45D5-BC60-4157BED20E90}
	EndGlobalSection
EndGlobal
